
Microsoft Visual Studio Solution File, Format Version 12.00
# Visual Studio Version 16
VisualStudioVersion = 16.0.31019.35
MinimumVisualStudioVersion = 10.0.40219.1
Project("{FAE04EC0-301F-11D3-BF4B-00C04F79EFBC}") = "Şampiyonlar Ligi Simülasyon", "Şampiyonlar Ligi Simülasyon\Şampiyonlar Ligi Simülasyon.csproj", "{3A81DC2A-AD9B-482F-8E48-5D5A20122CBF}"
EndProject
Global
	GlobalSection(SolutionConfigurationPlatforms) = preSolution
		Debug|Any CPU = Debug|Any CPU
		Release|Any CPU = Release|Any CPU
	EndGlobalSection
	GlobalSection(ProjectConfigurationPlatforms) = postSolution
		{3A81DC2A-AD9B-482F-8E48-5D5A20122CBF}.Debug|Any CPU.ActiveCfg = Debug|Any CPU
		{3A81DC2A-AD9B-482F-8E48-5D5A20122CBF}.Debug|Any CPU.Build.0 = Debug|Any CPU
		{3A81DC2A-AD9B-482F-8E48-5D5A20122CBF}.Release|Any CPU.ActiveCfg = Release|Any CPU
		{3A81DC2A-AD9B-482F-8E48-5D5A20122CBF}.Release|Any CPU.Build.0 = Release|Any CPU
	EndGlobalSection
	GlobalSection(SolutionProperties) = preSolution
		HideSolutionNode = FALSE
	EndGlobalSection
	GlobalSection(ExtensibilityGlobals) = postSolution
		SolutionGuid = {226B1D63-8857-4D48-BE98-F0E7BFA12090}
	EndGlobalSection
EndGlobal
